# This file is generated by running "yarn install" inside your project.
# Manual changes might be lost - proceed with caution!

__metadata:
  version: 9
  cacheKey: 10c0

"@biomejs/biome@npm:~2.4.12":
  version: 2.4.12
  resolution: "@biomejs/biome@npm:2.4.12"
  dependencies:
    "@biomejs/cli-darwin-arm64": "npm:2.4.12"
    "@biomejs/cli-darwin-x64": "npm:2.4.12"
    "@biomejs/cli-linux-arm64": "npm:2.4.12"
    "@biomejs/cli-linux-arm64-musl": "npm:2.4.12"
    "@biomejs/cli-linux-x64": "npm:2.4.12"
    "@biomejs/cli-linux-x64-musl": "npm:2.4.12"
    "@biomejs/cli-win32-arm64": "npm:2.4.12"
    "@biomejs/cli-win32-x64": "npm:2.4.12"
  dependenciesMeta:
    "@biomejs/cli-darwin-arm64":
      optional: true
    "@biomejs/cli-darwin-x64":
      optional: true
    "@biomejs/cli-linux-arm64":
      optional: true
    "@biomejs/cli-linux-arm64-musl":
      optional: true
    "@biomejs/cli-linux-x64":
      optional: true
    "@biomejs/cli-linux-x64-musl":
      optional: true
    "@biomejs/cli-win32-arm64":
      optional: true
    "@biomejs/cli-win32-x64":
      optional: true
  bin:
    biome: bin/biome
  checksum: 10c0/8f03b07f33d7e1efee615945cdc907b7fdc9160d70b204a74ce1b65bdf0ca47c7bfe5e2fafd5b832927f0d4bee4ae3182d93e603e3e5ecf5d91734cff888133b
  languageName: node
  linkType: hard

"@biomejs/cli-darwin-arm64@npm:2.4.12":
  version: 2.4.12
  resolution: "@biomejs/cli-darwin-arm64@npm:2.4.12"
  conditions: os=darwin & cpu=arm64
  languageName: node
  linkType: hard

"@biomejs/cli-darwin-x64@npm:2.4.12":
  version: 2.4.12
  resolution: "@biomejs/cli-darwin-x64@npm:2.4.12"
  conditions: os=darwin & cpu=x64
  languageName: node
  linkType: hard

"@biomejs/cli-linux-arm64-musl@npm:2.4.12":
  version: 2.4.12
  resolution: "@biomejs/cli-linux-arm64-musl@npm:2.4.12"
  conditions: os=linux & cpu=arm64 & libc=musl
  languageName: node
  linkType: hard

"@biomejs/cli-linux-arm64@npm:2.4.12":
  version: 2.4.12
  resolution: "@biomejs/cli-linux-arm64@npm:2.4.12"
  conditions: os=linux & cpu=arm64 & libc=glibc
  languageName: node
  linkType: hard

"@biomejs/cli-linux-x64-musl@npm:2.4.12":
  version: 2.4.12
  resolution: "@biomejs/cli-linux-x64-musl@npm:2.4.12"
  conditions: os=linux & cpu=x64 & libc=musl
  languageName: node
  linkType: hard

"@biomejs/cli-linux-x64@npm:2.4.12":
  version: 2.4.12
  resolution: "@biomejs/cli-linux-x64@npm:2.4.12"
  conditions: os=linux & cpu=x64 & libc=glibc
  languageName: node
  linkType: hard

"@biomejs/cli-win32-arm64@npm:2.4.12":
  version: 2.4.12
  resolution: "@biomejs/cli-win32-arm64@npm:2.4.12"
  conditions: os=win32 & cpu=arm64
  languageName: node
  linkType: hard

"@biomejs/cli-win32-x64@npm:2.4.12":
  version: 2.4.12
  resolution: "@biomejs/cli-win32-x64@npm:2.4.12"
  conditions: os=win32 & cpu=x64
  languageName: node
  linkType: hard

"@unbogify/tooling@workspace:tooling":
  version: 0.0.0-use.local
  resolution: "@unbogify/tooling@workspace:tooling"
  languageName: unknown
  linkType: soft

"typescript@npm:^5.6.0":
  version: 5.9.3
  resolution: "typescript@npm:5.9.3"
  bin:
    tsc: bin/tsc
    tsserver: bin/tsserver
  checksum: 10c0/6bd7552ce39f97e711db5aa048f6f9995b53f1c52f7d8667c1abdc1700c68a76a308f579cd309ce6b53646deb4e9a1be7c813a93baaf0a28ccd536a30270e1c5
  languageName: node
  linkType: hard

"typescript@patch:typescript@npm%3A^5.6.0#optional!builtin<compat/typescript>":
  version: 5.9.3
  resolution: "typescript@patch:typescript@npm%3A5.9.3#optional!builtin<compat/typescript>::version=5.9.3&hash=5786d5"
  bin:
    tsc: bin/tsc
    tsserver: bin/tsserver
  checksum: 10c0/ad09fdf7a756814dce65bc60c1657b40d44451346858eea230e10f2e95a289d9183b6e32e5c11e95acc0ccc214b4f36289dcad4bf1886b0adb84d711d336a430
  languageName: node
  linkType: hard

"unbogify-ui-monorepo@workspace:.":
  version: 0.0.0-use.local
  resolution: "unbogify-ui-monorepo@workspace:."
  dependencies:
    "@biomejs/biome": "npm:~2.4.12"
    typescript: "npm:^5.6.0"
  languageName: unknown
  linkType: soft

"unbogify-ui@workspace:packages/ui":
  version: 0.0.0-use.local
  resolution: "unbogify-ui@workspace:packages/ui"
  dependencies:
    typescript: "npm:^5.6.0"
  languageName: unknown
  linkType: soft
